
Microsoft Visual Studio Solution File, Format Version 12.00
# Visual Studio 14
VisualStudioVersion = 14.0.25123.0
MinimumVisualStudioVersion = 10.0.40219.1
Project("{2150E333-8FDC-42A3-9474-1A3956D46DE8}") = "Azure", "Azure", "{70729B84-0AE7-436B-ADF2-CD61B13751FB}"
EndProject
Project("{FAE04EC0-301F-11D3-BF4B-00C04F79EFBC}") = "AzureAD.Droid", "Azure\AzureAD\AzureAD.Droid\AzureAD.Droid.csproj", "{9BE8E113-4AE1-4D19-9BA0-B7F8A26D5947}"
EndProject
Project("{FAE04EC0-301F-11D3-BF4B-00C04F79EFBC}") = "AzureAD.iOS", "Azure\AzureAD\AzureAD.iOS\AzureAD.iOS.csproj", "{4B5441A9-AFE1-4309-ADF4-AE7CE7AB8882}"
EndProject
Project("{FAE04EC0-301F-11D3-BF4B-00C04F79EFBC}") = "AzureAD.WinPhone", "Azure\AzureAD\AzureAD.WinPhone\AzureAD.WinPhone.csproj", "{BE78A2B6-2563-482B-B210-E48B64D846A9}"
EndProject
Project("{FAE04EC0-301F-11D3-BF4B-00C04F79EFBC}") = "AzureAD.UWP", "Azure\AzureAD\AzureAD.UWP\AzureAD.UWP.csproj", "{105CF26A-D68A-4889-9B13-EF22CF9B9A50}"
EndProject
Project("{FAE04EC0-301F-11D3-BF4B-00C04F79EFBC}") = "AzureAD.Windows", "Azure\AzureAD\AzureAD.Windows\AzureAD.Windows.csproj", "{68C1C39A-A5B5-479F-ACFC-C107B37A78A5}"
EndProject
Project("{FAE04EC0-301F-11D3-BF4B-00C04F79EFBC}") = "AzureAD", "Azure\AzureAD\AzureAD\AzureAD.csproj", "{E734ECC4-18F2-4999-BBD1-B04538D1FF82}"
EndProject
Project("{2150E333-8FDC-42A3-9474-1A3956D46DE8}") = "Notification", "Notification", "{3603A293-79D1-4C49-9B03-F32511DDF30C}"
EndProject
Project("{FAE04EC0-301F-11D3-BF4B-00C04F79EFBC}") = "AzureAD.WebAPI", "Azure\AzureAD.WebAPI\AzureAD.WebAPI.csproj", "{918D62F3-E56E-4048-B04B-A5C7BA6579A0}"
EndProject
Project("{FAE04EC0-301F-11D3-BF4B-00C04F79EFBC}") = "XamarinNotification.Dorid", "Notification\XamarinNotification.Dorid\XamarinNotification.Dorid.csproj", "{B24B3BD7-0A2A-4E87-A791-9096F1A0901F}"
EndProject
Global
	GlobalSection(SolutionConfigurationPlatforms) = preSolution
		Ad-Hoc|Any CPU = Ad-Hoc|Any CPU
		Ad-Hoc|ARM = Ad-Hoc|ARM
		Ad-Hoc|iPhone = Ad-Hoc|iPhone
		Ad-Hoc|iPhoneSimulator = Ad-Hoc|iPhoneSimulator
		Ad-Hoc|x64 = Ad-Hoc|x64
		Ad-Hoc|x86 = Ad-Hoc|x86
		AppStore|Any CPU = AppStore|Any CPU
		AppStore|ARM = AppStore|ARM
		AppStore|iPhone = AppStore|iPhone
		AppStore|iPhoneSimulator = AppStore|iPhoneSimulator
		AppStore|x64 = AppStore|x64
		AppStore|x86 = AppStore|x86
		Debug|Any CPU = Debug|Any CPU
		Debug|ARM = Debug|ARM
		Debug|iPhone = Debug|iPhone
		Debug|iPhoneSimulator = Debug|iPhoneSimulator
		Debug|x64 = Debug|x64
		Debug|x86 = Debug|x86
		Release|Any CPU = Release|Any CPU
		Release|ARM = Release|ARM
		Release|iPhone = Release|iPhone
		Release|iPhoneSimulator = Release|iPhoneSimulator
		Release|x64 = Release|x64
		Release|x86 = Release|x86
	EndGlobalSection
	GlobalSection(ProjectConfigurationPlatforms) = postSolution
		{9BE8E113-4AE1-4D19-9BA0-B7F8A26D5947}.Ad-Hoc|Any CPU.ActiveCfg = Release|Any CPU
		{9BE8E113-4AE1-4D19-9BA0-B7F8A26D5947}.Ad-Hoc|Any CPU.Build.0 = Release|Any CPU
		{9BE8E113-4AE1-4D19-9BA0-B7F8A26D5947}.Ad-Hoc|Any CPU.Deploy.0 = Release|Any CPU
		{9BE8E113-4AE1-4D19-9BA0-B7F8A26D5947}.Ad-Hoc|ARM.ActiveCfg = Release|Any CPU
		{9BE8E113-4AE1-4D19-9BA0-B7F8A26D5947}.Ad-Hoc|ARM.Build.0 = Release|Any CPU
		{9BE8E113-4AE1-4D19-9BA0-B7F8A26D5947}.Ad-Hoc|ARM.Deploy.0 = Release|Any CPU
		{9BE8E113-4AE1-4D19-9BA0-B7F8A26D5947}.Ad-Hoc|iPhone.ActiveCfg = Release|Any CPU
		{9BE8E113-4AE1-4D19-9BA0-B7F8A26D5947}.Ad-Hoc|iPhone.Build.0 = Release|Any CPU
		{9BE8E113-4AE1-4D19-9BA0-B7F8A26D5947}.Ad-Hoc|iPhone.Deploy.0 = Release|Any CPU
		{9BE8E113-4AE1-4D19-9BA0-B7F8A26D5947}.Ad-Hoc|iPhoneSimulator.ActiveCfg = Release|Any CPU
		{9BE8E113-4AE1-4D19-9BA0-B7F8A26D5947}.Ad-Hoc|iPhoneSimulator.Build.0 = Release|Any CPU
		{9BE8E113-4AE1-4D19-9BA0-B7F8A26D5947}.Ad-Hoc|iPhoneSimulator.Deploy.0 = Release|Any CPU
		{9BE8E113-4AE1-4D19-9BA0-B7F8A26D5947}.Ad-Hoc|x64.ActiveCfg = Release|Any CPU
		{9BE8E113-4AE1-4D19-9BA0-B7F8A26D5947}.Ad-Hoc|x64.Build.0 = Release|Any CPU
		{9BE8E113-4AE1-4D19-9BA0-B7F8A26D5947}.Ad-Hoc|x64.Deploy.0 = Release|Any CPU
		{9BE8E113-4AE1-4D19-9BA0-B7F8A26D5947}.Ad-Hoc|x86.ActiveCfg = Release|Any CPU
		{9BE8E113-4AE1-4D19-9BA0-B7F8A26D5947}.Ad-Hoc|x86.Build.0 = Release|Any CPU
		{9BE8E113-4AE1-4D19-9BA0-B7F8A26D5947}.Ad-Hoc|x86.Deploy.0 = Release|Any CPU
		{9BE8E113-4AE1-4D19-9BA0-B7F8A26D5947}.AppStore|Any CPU.ActiveCfg = Release|Any CPU
		{9BE8E113-4AE1-4D19-9BA0-B7F8A26D5947}.AppStore|Any CPU.Build.0 = Release|Any CPU
		{9BE8E113-4AE1-4D19-9BA0-B7F8A26D5947}.AppStore|Any CPU.Deploy.0 = Release|Any CPU
		{9BE8E113-4AE1-4D19-9BA0-B7F8A26D5947}.AppStore|ARM.ActiveCfg = Release|Any CPU
		{9BE8E113-4AE1-4D19-9BA0-B7F8A26D5947}.AppStore|ARM.Build.0 = Release|Any CPU
		{9BE8E113-4AE1-4D19-9BA0-B7F8A26D5947}.AppStore|ARM.Deploy.0 = Release|Any CPU
		{9BE8E113-4AE1-4D19-9BA0-B7F8A26D5947}.AppStore|iPhone.ActiveCfg = Release|Any CPU
		{9BE8E113-4AE1-4D19-9BA0-B7F8A26D5947}.AppStore|iPhone.Build.0 = Release|Any CPU
		{9BE8E113-4AE1-4D19-9BA0-B7F8A26D5947}.AppStore|iPhone.Deploy.0 = Release|Any CPU
		{9BE8E113-4AE1-4D19-9BA0-B7F8A26D5947}.AppStore|iPhoneSimulator.ActiveCfg = Release|Any CPU
		{9BE8E113-4AE1-4D19-9BA0-B7F8A26D5947}.AppStore|iPhoneSimulator.Build.0 = Release|Any CPU
		{9BE8E113-4AE1-4D19-9BA0-B7F8A26D5947}.AppStore|iPhoneSimulator.Deploy.0 = Release|Any CPU
		{9BE8E113-4AE1-4D19-9BA0-B7F8A26D5947}.AppStore|x64.ActiveCfg = Release|Any CPU
		{9BE8E113-4AE1-4D19-9BA0-B7F8A26D5947}.AppStore|x64.Build.0 = Release|Any CPU
		{9BE8E113-4AE1-4D19-9BA0-B7F8A26D5947}.AppStore|x64.Deploy.0 = Release|Any CPU
		{9BE8E113-4AE1-4D19-9BA0-B7F8A26D5947}.AppStore|x86.ActiveCfg = Release|Any CPU
		{9BE8E113-4AE1-4D19-9BA0-B7F8A26D5947}.AppStore|x86.Build.0 = Release|Any CPU
		{9BE8E113-4AE1-4D19-9BA0-B7F8A26D5947}.AppStore|x86.Deploy.0 = Release|Any CPU
		{9BE8E113-4AE1-4D19-9BA0-B7F8A26D5947}.Debug|Any CPU.ActiveCfg = Debug|Any CPU
		{9BE8E113-4AE1-4D19-9BA0-B7F8A26D5947}.Debug|Any CPU.Build.0 = Debug|Any CPU
		{9BE8E113-4AE1-4D19-9BA0-B7F8A26D5947}.Debug|Any CPU.Deploy.0 = Debug|Any CPU
		{9BE8E113-4AE1-4D19-9BA0-B7F8A26D5947}.Debug|ARM.ActiveCfg = Debug|Any CPU
		{9BE8E113-4AE1-4D19-9BA0-B7F8A26D5947}.Debug|ARM.Build.0 = Debug|Any CPU
		{9BE8E113-4AE1-4D19-9BA0-B7F8A26D5947}.Debug|ARM.Deploy.0 = Debug|Any CPU
		{9BE8E113-4AE1-4D19-9BA0-B7F8A26D5947}.Debug|iPhone.ActiveCfg = Debug|Any CPU
		{9BE8E113-4AE1-4D19-9BA0-B7F8A26D5947}.Debug|iPhone.Build.0 = Debug|Any CPU
		{9BE8E113-4AE1-4D19-9BA0-B7F8A26D5947}.Debug|iPhone.Deploy.0 = Debug|Any CPU
		{9BE8E113-4AE1-4D19-9BA0-B7F8A26D5947}.Debug|iPhoneSimulator.ActiveCfg = Debug|Any CPU
		{9BE8E113-4AE1-4D19-9BA0-B7F8A26D5947}.Debug|iPhoneSimulator.Build.0 = Debug|Any CPU
		{9BE8E113-4AE1-4D19-9BA0-B7F8A26D5947}.Debug|iPhoneSimulator.Deploy.0 = Debug|Any CPU
		{9BE8E113-4AE1-4D19-9BA0-B7F8A26D5947}.Debug|x64.ActiveCfg = Debug|Any CPU
		{9BE8E113-4AE1-4D19-9BA0-B7F8A26D5947}.Debug|x64.Build.0 = Debug|Any CPU
		{9BE8E113-4AE1-4D19-9BA0-B7F8A26D5947}.Debug|x64.Deploy.0 = Debug|Any CPU
		{9BE8E113-4AE1-4D19-9BA0-B7F8A26D5947}.Debug|x86.ActiveCfg = Debug|Any CPU
		{9BE8E113-4AE1-4D19-9BA0-B7F8A26D5947}.Debug|x86.Build.0 = Debug|Any CPU
		{9BE8E113-4AE1-4D19-9BA0-B7F8A26D5947}.Debug|x86.Deploy.0 = Debug|Any CPU
		{9BE8E113-4AE1-4D19-9BA0-B7F8A26D5947}.Release|Any CPU.ActiveCfg = Release|Any CPU
		{9BE8E113-4AE1-4D19-9BA0-B7F8A26D5947}.Release|Any CPU.Build.0 = Release|Any CPU
		{9BE8E113-4AE1-4D19-9BA0-B7F8A26D5947}.Release|Any CPU.Deploy.0 = Release|Any CPU
		{9BE8E113-4AE1-4D19-9BA0-B7F8A26D5947}.Release|ARM.ActiveCfg = Release|Any CPU
		{9BE8E113-4AE1-4D19-9BA0-B7F8A26D5947}.Release|ARM.Build.0 = Release|Any CPU
		{9BE8E113-4AE1-4D19-9BA0-B7F8A26D5947}.Release|ARM.Deploy.0 = Release|Any CPU
		{9BE8E113-4AE1-4D19-9BA0-B7F8A26D5947}.Release|iPhone.ActiveCfg = Release|Any CPU
		{9BE8E113-4AE1-4D19-9BA0-B7F8A26D5947}.Release|iPhone.Build.0 = Release|Any CPU
		{9BE8E113-4AE1-4D19-9BA0-B7F8A26D5947}.Release|iPhone.Deploy.0 = Release|Any CPU
		{9BE8E113-4AE1-4D19-9BA0-B7F8A26D5947}.Release|iPhoneSimulator.ActiveCfg = Release|Any CPU
		{9BE8E113-4AE1-4D19-9BA0-B7F8A26D5947}.Release|iPhoneSimulator.Build.0 = Release|Any CPU
		{9BE8E113-4AE1-4D19-9BA0-B7F8A26D5947}.Release|iPhoneSimulator.Deploy.0 = Release|Any CPU
		{9BE8E113-4AE1-4D19-9BA0-B7F8A26D5947}.Release|x64.ActiveCfg = Release|Any CPU
		{9BE8E113-4AE1-4D19-9BA0-B7F8A26D5947}.Release|x64.Build.0 = Release|Any CPU
		{9BE8E113-4AE1-4D19-9BA0-B7F8A26D5947}.Release|x64.Deploy.0 = Release|Any CPU
		{9BE8E113-4AE1-4D19-9BA0-B7F8A26D5947}.Release|x86.ActiveCfg = Release|Any CPU
		{9BE8E113-4AE1-4D19-9BA0-B7F8A26D5947}.Release|x86.Build.0 = Release|Any CPU
		{9BE8E113-4AE1-4D19-9BA0-B7F8A26D5947}.Release|x86.Deploy.0 = Release|Any CPU
		{4B5441A9-AFE1-4309-ADF4-AE7CE7AB8882}.Ad-Hoc|Any CPU.ActiveCfg = Ad-Hoc|iPhone
		{4B5441A9-AFE1-4309-ADF4-AE7CE7AB8882}.Ad-Hoc|ARM.ActiveCfg = Ad-Hoc|iPhone
		{4B5441A9-AFE1-4309-ADF4-AE7CE7AB8882}.Ad-Hoc|iPhone.ActiveCfg = Ad-Hoc|iPhone
		{4B5441A9-AFE1-4309-ADF4-AE7CE7AB8882}.Ad-Hoc|iPhone.Build.0 = Ad-Hoc|iPhone
		{4B5441A9-AFE1-4309-ADF4-AE7CE7AB8882}.Ad-Hoc|iPhoneSimulator.ActiveCfg = Ad-Hoc|iPhoneSimulator
		{4B5441A9-AFE1-4309-ADF4-AE7CE7AB8882}.Ad-Hoc|iPhoneSimulator.Build.0 = Ad-Hoc|iPhoneSimulator
		{4B5441A9-AFE1-4309-ADF4-AE7CE7AB8882}.Ad-Hoc|x64.ActiveCfg = Ad-Hoc|iPhone
		{4B5441A9-AFE1-4309-ADF4-AE7CE7AB8882}.Ad-Hoc|x86.ActiveCfg = Ad-Hoc|iPhone
		{4B5441A9-AFE1-4309-ADF4-AE7CE7AB8882}.AppStore|Any CPU.ActiveCfg = AppStore|iPhone
		{4B5441A9-AFE1-4309-ADF4-AE7CE7AB8882}.AppStore|ARM.ActiveCfg = AppStore|iPhone
		{4B5441A9-AFE1-4309-ADF4-AE7CE7AB8882}.AppStore|iPhone.ActiveCfg = AppStore|iPhone
		{4B5441A9-AFE1-4309-ADF4-AE7CE7AB8882}.AppStore|iPhone.Build.0 = AppStore|iPhone
		{4B5441A9-AFE1-4309-ADF4-AE7CE7AB8882}.AppStore|iPhoneSimulator.ActiveCfg = AppStore|iPhoneSimulator
		{4B5441A9-AFE1-4309-ADF4-AE7CE7AB8882}.AppStore|iPhoneSimulator.Build.0 = AppStore|iPhoneSimulator
		{4B5441A9-AFE1-4309-ADF4-AE7CE7AB8882}.AppStore|x64.ActiveCfg = AppStore|iPhone
		{4B5441A9-AFE1-4309-ADF4-AE7CE7AB8882}.AppStore|x86.ActiveCfg = AppStore|iPhone
		{4B5441A9-AFE1-4309-ADF4-AE7CE7AB8882}.Debug|Any CPU.ActiveCfg = Debug|iPhone
		{4B5441A9-AFE1-4309-ADF4-AE7CE7AB8882}.Debug|ARM.ActiveCfg = Debug|iPhone
		{4B5441A9-AFE1-4309-ADF4-AE7CE7AB8882}.Debug|iPhone.ActiveCfg = Debug|iPhone
		{4B5441A9-AFE1-4309-ADF4-AE7CE7AB8882}.Debug|iPhone.Build.0 = Debug|iPhone
		{4B5441A9-AFE1-4309-ADF4-AE7CE7AB8882}.Debug|iPhoneSimulator.ActiveCfg = Debug|iPhoneSimulator
		{4B5441A9-AFE1-4309-ADF4-AE7CE7AB8882}.Debug|iPhoneSimulator.Build.0 = Debug|iPhoneSimulator
		{4B5441A9-AFE1-4309-ADF4-AE7CE7AB8882}.Debug|x64.ActiveCfg = Debug|iPhone
		{4B5441A9-AFE1-4309-ADF4-AE7CE7AB8882}.Debug|x86.ActiveCfg = Debug|iPhone
		{4B5441A9-AFE1-4309-ADF4-AE7CE7AB8882}.Release|Any CPU.ActiveCfg = Release|iPhone
		{4B5441A9-AFE1-4309-ADF4-AE7CE7AB8882}.Release|ARM.ActiveCfg = Release|iPhone
		{4B5441A9-AFE1-4309-ADF4-AE7CE7AB8882}.Release|iPhone.ActiveCfg = Release|iPhone
		{4B5441A9-AFE1-4309-ADF4-AE7CE7AB8882}.Release|iPhone.Build.0 = Release|iPhone
		{4B5441A9-AFE1-4309-ADF4-AE7CE7AB8882}.Release|iPhoneSimulator.ActiveCfg = Release|iPhoneSimulator
		{4B5441A9-AFE1-4309-ADF4-AE7CE7AB8882}.Release|iPhoneSimulator.Build.0 = Release|iPhoneSimulator
		{4B5441A9-AFE1-4309-ADF4-AE7CE7AB8882}.Release|x64.ActiveCfg = Release|iPhone
		{4B5441A9-AFE1-4309-ADF4-AE7CE7AB8882}.Release|x86.ActiveCfg = Release|iPhone
		{BE78A2B6-2563-482B-B210-E48B64D846A9}.Ad-Hoc|Any CPU.ActiveCfg = Release|Any CPU
		{BE78A2B6-2563-482B-B210-E48B64D846A9}.Ad-Hoc|Any CPU.Build.0 = Release|Any CPU
		{BE78A2B6-2563-482B-B210-E48B64D846A9}.Ad-Hoc|Any CPU.Deploy.0 = Release|Any CPU
		{BE78A2B6-2563-482B-B210-E48B64D846A9}.Ad-Hoc|ARM.ActiveCfg = Release|ARM
		{BE78A2B6-2563-482B-B210-E48B64D846A9}.Ad-Hoc|ARM.Build.0 = Release|ARM
		{BE78A2B6-2563-482B-B210-E48B64D846A9}.Ad-Hoc|ARM.Deploy.0 = Release|ARM
		{BE78A2B6-2563-482B-B210-E48B64D846A9}.Ad-Hoc|iPhone.ActiveCfg = Release|Any CPU
		{BE78A2B6-2563-482B-B210-E48B64D846A9}.Ad-Hoc|iPhone.Build.0 = Release|Any CPU
		{BE78A2B6-2563-482B-B210-E48B64D846A9}.Ad-Hoc|iPhone.Deploy.0 = Release|Any CPU
		{BE78A2B6-2563-482B-B210-E48B64D846A9}.Ad-Hoc|iPhoneSimulator.ActiveCfg = Release|Any CPU
		{BE78A2B6-2563-482B-B210-E48B64D846A9}.Ad-Hoc|iPhoneSimulator.Build.0 = Release|Any CPU
		{BE78A2B6-2563-482B-B210-E48B64D846A9}.Ad-Hoc|iPhoneSimulator.Deploy.0 = Release|Any CPU
		{BE78A2B6-2563-482B-B210-E48B64D846A9}.Ad-Hoc|x64.ActiveCfg = Release|Any CPU
		{BE78A2B6-2563-482B-B210-E48B64D846A9}.Ad-Hoc|x64.Build.0 = Release|Any CPU
		{BE78A2B6-2563-482B-B210-E48B64D846A9}.Ad-Hoc|x64.Deploy.0 = Release|Any CPU
		{BE78A2B6-2563-482B-B210-E48B64D846A9}.Ad-Hoc|x86.ActiveCfg = Release|x86
		{BE78A2B6-2563-482B-B210-E48B64D846A9}.Ad-Hoc|x86.Build.0 = Release|x86
		{BE78A2B6-2563-482B-B210-E48B64D846A9}.Ad-Hoc|x86.Deploy.0 = Release|x86
		{BE78A2B6-2563-482B-B210-E48B64D846A9}.AppStore|Any CPU.ActiveCfg = Release|Any CPU
		{BE78A2B6-2563-482B-B210-E48B64D846A9}.AppStore|Any CPU.Build.0 = Release|Any CPU
		{BE78A2B6-2563-482B-B210-E48B64D846A9}.AppStore|Any CPU.Deploy.0 = Release|Any CPU
		{BE78A2B6-2563-482B-B210-E48B64D846A9}.AppStore|ARM.ActiveCfg = Release|ARM
		{BE78A2B6-2563-482B-B210-E48B64D846A9}.AppStore|ARM.Build.0 = Release|ARM
		{BE78A2B6-2563-482B-B210-E48B64D846A9}.AppStore|ARM.Deploy.0 = Release|ARM
		{BE78A2B6-2563-482B-B210-E48B64D846A9}.AppStore|iPhone.ActiveCfg = Release|Any CPU
		{BE78A2B6-2563-482B-B210-E48B64D846A9}.AppStore|iPhone.Build.0 = Release|Any CPU
		{BE78A2B6-2563-482B-B210-E48B64D846A9}.AppStore|iPhone.Deploy.0 = Release|Any CPU
		{BE78A2B6-2563-482B-B210-E48B64D846A9}.AppStore|iPhoneSimulator.ActiveCfg = Release|Any CPU
		{BE78A2B6-2563-482B-B210-E48B64D846A9}.AppStore|iPhoneSimulator.Build.0 = Release|Any CPU
		{BE78A2B6-2563-482B-B210-E48B64D846A9}.AppStore|iPhoneSimulator.Deploy.0 = Release|Any CPU
		{BE78A2B6-2563-482B-B210-E48B64D846A9}.AppStore|x64.ActiveCfg = Release|Any CPU
		{BE78A2B6-2563-482B-B210-E48B64D846A9}.AppStore|x64.Build.0 = Release|Any CPU
		{BE78A2B6-2563-482B-B210-E48B64D846A9}.AppStore|x64.Deploy.0 = Release|Any CPU
		{BE78A2B6-2563-482B-B210-E48B64D846A9}.AppStore|x86.ActiveCfg = Release|x86
		{BE78A2B6-2563-482B-B210-E48B64D846A9}.AppStore|x86.Build.0 = Release|x86
		{BE78A2B6-2563-482B-B210-E48B64D846A9}.AppStore|x86.Deploy.0 = Release|x86
		{BE78A2B6-2563-482B-B210-E48B64D846A9}.Debug|Any CPU.ActiveCfg = Debug|Any CPU
		{BE78A2B6-2563-482B-B210-E48B64D846A9}.Debug|Any CPU.Build.0 = Debug|Any CPU
		{BE78A2B6-2563-482B-B210-E48B64D846A9}.Debug|Any CPU.Deploy.0 = Debug|Any CPU
		{BE78A2B6-2563-482B-B210-E48B64D846A9}.Debug|ARM.ActiveCfg = Debug|ARM
		{BE78A2B6-2563-482B-B210-E48B64D846A9}.Debug|ARM.Build.0 = Debug|ARM
		{BE78A2B6-2563-482B-B210-E48B64D846A9}.Debug|ARM.Deploy.0 = Debug|ARM
		{BE78A2B6-2563-482B-B210-E48B64D846A9}.Debug|iPhone.ActiveCfg = Debug|Any CPU
		{BE78A2B6-2563-482B-B210-E48B64D846A9}.Debug|iPhone.Build.0 = Debug|Any CPU
		{BE78A2B6-2563-482B-B210-E48B64D846A9}.Debug|iPhone.Deploy.0 = Debug|Any CPU
		{BE78A2B6-2563-482B-B210-E48B64D846A9}.Debug|iPhoneSimulator.ActiveCfg = Debug|Any CPU
		{BE78A2B6-2563-482B-B210-E48B64D846A9}.Debug|iPhoneSimulator.Build.0 = Debug|Any CPU
		{BE78A2B6-2563-482B-B210-E48B64D846A9}.Debug|iPhoneSimulator.Deploy.0 = Debug|Any CPU
		{BE78A2B6-2563-482B-B210-E48B64D846A9}.Debug|x64.ActiveCfg = Debug|Any CPU
		{BE78A2B6-2563-482B-B210-E48B64D846A9}.Debug|x64.Build.0 = Debug|Any CPU
		{BE78A2B6-2563-482B-B210-E48B64D846A9}.Debug|x64.Deploy.0 = Debug|Any CPU
		{BE78A2B6-2563-482B-B210-E48B64D846A9}.Debug|x86.ActiveCfg = Debug|x86
		{BE78A2B6-2563-482B-B210-E48B64D846A9}.Debug|x86.Build.0 = Debug|x86
		{BE78A2B6-2563-482B-B210-E48B64D846A9}.Debug|x86.Deploy.0 = Debug|x86
		{BE78A2B6-2563-482B-B210-E48B64D846A9}.Release|Any CPU.ActiveCfg = Release|Any CPU
		{BE78A2B6-2563-482B-B210-E48B64D846A9}.Release|Any CPU.Build.0 = Release|Any CPU
		{BE78A2B6-2563-482B-B210-E48B64D846A9}.Release|Any CPU.Deploy.0 = Release|Any CPU
		{BE78A2B6-2563-482B-B210-E48B64D846A9}.Release|ARM.ActiveCfg = Release|ARM
		{BE78A2B6-2563-482B-B210-E48B64D846A9}.Release|ARM.Build.0 = Release|ARM
		{BE78A2B6-2563-482B-B210-E48B64D846A9}.Release|ARM.Deploy.0 = Release|ARM
		{BE78A2B6-2563-482B-B210-E48B64D846A9}.Release|iPhone.ActiveCfg = Release|Any CPU
		{BE78A2B6-2563-482B-B210-E48B64D846A9}.Release|iPhone.Build.0 = Release|Any CPU
		{BE78A2B6-2563-482B-B210-E48B64D846A9}.Release|iPhone.Deploy.0 = Release|Any CPU
		{BE78A2B6-2563-482B-B210-E48B64D846A9}.Release|iPhoneSimulator.ActiveCfg = Release|Any CPU
		{BE78A2B6-2563-482B-B210-E48B64D846A9}.Release|iPhoneSimulator.Build.0 = Release|Any CPU
		{BE78A2B6-2563-482B-B210-E48B64D846A9}.Release|iPhoneSimulator.Deploy.0 = Release|Any CPU
		{BE78A2B6-2563-482B-B210-E48B64D846A9}.Release|x64.ActiveCfg = Release|Any CPU
		{BE78A2B6-2563-482B-B210-E48B64D846A9}.Release|x64.Build.0 = Release|Any CPU
		{BE78A2B6-2563-482B-B210-E48B64D846A9}.Release|x64.Deploy.0 = Release|Any CPU
		{BE78A2B6-2563-482B-B210-E48B64D846A9}.Release|x86.ActiveCfg = Release|x86
		{BE78A2B6-2563-482B-B210-E48B64D846A9}.Release|x86.Build.0 = Release|x86
		{BE78A2B6-2563-482B-B210-E48B64D846A9}.Release|x86.Deploy.0 = Release|x86
		{105CF26A-D68A-4889-9B13-EF22CF9B9A50}.Ad-Hoc|Any CPU.ActiveCfg = Release|x86
		{105CF26A-D68A-4889-9B13-EF22CF9B9A50}.Ad-Hoc|Any CPU.Build.0 = Release|x86
		{105CF26A-D68A-4889-9B13-EF22CF9B9A50}.Ad-Hoc|Any CPU.Deploy.0 = Release|x86
		{105CF26A-D68A-4889-9B13-EF22CF9B9A50}.Ad-Hoc|ARM.ActiveCfg = Release|ARM
		{105CF26A-D68A-4889-9B13-EF22CF9B9A50}.Ad-Hoc|ARM.Build.0 = Release|ARM
		{105CF26A-D68A-4889-9B13-EF22CF9B9A50}.Ad-Hoc|ARM.Deploy.0 = Release|ARM
		{105CF26A-D68A-4889-9B13-EF22CF9B9A50}.Ad-Hoc|iPhone.ActiveCfg = Release|x86
		{105CF26A-D68A-4889-9B13-EF22CF9B9A50}.Ad-Hoc|iPhone.Build.0 = Release|x86
		{105CF26A-D68A-4889-9B13-EF22CF9B9A50}.Ad-Hoc|iPhone.Deploy.0 = Release|x86
		{105CF26A-D68A-4889-9B13-EF22CF9B9A50}.Ad-Hoc|iPhoneSimulator.ActiveCfg = Release|x86
		{105CF26A-D68A-4889-9B13-EF22CF9B9A50}.Ad-Hoc|iPhoneSimulator.Build.0 = Release|x86
		{105CF26A-D68A-4889-9B13-EF22CF9B9A50}.Ad-Hoc|iPhoneSimulator.Deploy.0 = Release|x86
		{105CF26A-D68A-4889-9B13-EF22CF9B9A50}.Ad-Hoc|x64.ActiveCfg = Release|x64
		{105CF26A-D68A-4889-9B13-EF22CF9B9A50}.Ad-Hoc|x64.Build.0 = Release|x64
		{105CF26A-D68A-4889-9B13-EF22CF9B9A50}.Ad-Hoc|x64.Deploy.0 = Release|x64
		{105CF26A-D68A-4889-9B13-EF22CF9B9A50}.Ad-Hoc|x86.ActiveCfg = Release|x86
		{105CF26A-D68A-4889-9B13-EF22CF9B9A50}.Ad-Hoc|x86.Build.0 = Release|x86
		{105CF26A-D68A-4889-9B13-EF22CF9B9A50}.Ad-Hoc|x86.Deploy.0 = Release|x86
		{105CF26A-D68A-4889-9B13-EF22CF9B9A50}.AppStore|Any CPU.ActiveCfg = Release|x86
		{105CF26A-D68A-4889-9B13-EF22CF9B9A50}.AppStore|Any CPU.Build.0 = Release|x86
		{105CF26A-D68A-4889-9B13-EF22CF9B9A50}.AppStore|Any CPU.Deploy.0 = Release|x86
		{105CF26A-D68A-4889-9B13-EF22CF9B9A50}.AppStore|ARM.ActiveCfg = Release|ARM
		{105CF26A-D68A-4889-9B13-EF22CF9B9A50}.AppStore|ARM.Build.0 = Release|ARM
		{105CF26A-D68A-4889-9B13-EF22CF9B9A50}.AppStore|ARM.Deploy.0 = Release|ARM
		{105CF26A-D68A-4889-9B13-EF22CF9B9A50}.AppStore|iPhone.ActiveCfg = Release|x86
		{105CF26A-D68A-4889-9B13-EF22CF9B9A50}.AppStore|iPhone.Build.0 = Release|x86
		{105CF26A-D68A-4889-9B13-EF22CF9B9A50}.AppStore|iPhone.Deploy.0 = Release|x86
		{105CF26A-D68A-4889-9B13-EF22CF9B9A50}.AppStore|iPhoneSimulator.ActiveCfg = Release|x86
		{105CF26A-D68A-4889-9B13-EF22CF9B9A50}.AppStore|iPhoneSimulator.Build.0 = Release|x86
		{105CF26A-D68A-4889-9B13-EF22CF9B9A50}.AppStore|iPhoneSimulator.Deploy.0 = Release|x86
		{105CF26A-D68A-4889-9B13-EF22CF9B9A50}.AppStore|x64.ActiveCfg = Release|x64
		{105CF26A-D68A-4889-9B13-EF22CF9B9A50}.AppStore|x64.Build.0 = Release|x64
		{105CF26A-D68A-4889-9B13-EF22CF9B9A50}.AppStore|x64.Deploy.0 = Release|x64
		{105CF26A-D68A-4889-9B13-EF22CF9B9A50}.AppStore|x86.ActiveCfg = Release|x86
		{105CF26A-D68A-4889-9B13-EF22CF9B9A50}.AppStore|x86.Build.0 = Release|x86
		{105CF26A-D68A-4889-9B13-EF22CF9B9A50}.AppStore|x86.Deploy.0 = Release|x86
		{105CF26A-D68A-4889-9B13-EF22CF9B9A50}.Debug|Any CPU.ActiveCfg = Debug|x86
		{105CF26A-D68A-4889-9B13-EF22CF9B9A50}.Debug|ARM.ActiveCfg = Debug|ARM
		{105CF26A-D68A-4889-9B13-EF22CF9B9A50}.Debug|ARM.Build.0 = Debug|ARM
		{105CF26A-D68A-4889-9B13-EF22CF9B9A50}.Debug|ARM.Deploy.0 = Debug|ARM
		{105CF26A-D68A-4889-9B13-EF22CF9B9A50}.Debug|iPhone.ActiveCfg = Debug|x86
		{105CF26A-D68A-4889-9B13-EF22CF9B9A50}.Debug|iPhoneSimulator.ActiveCfg = Debug|x86
		{105CF26A-D68A-4889-9B13-EF22CF9B9A50}.Debug|x64.ActiveCfg = Debug|x64
		{105CF26A-D68A-4889-9B13-EF22CF9B9A50}.Debug|x64.Build.0 = Debug|x64
		{105CF26A-D68A-4889-9B13-EF22CF9B9A50}.Debug|x64.Deploy.0 = Debug|x64
		{105CF26A-D68A-4889-9B13-EF22CF9B9A50}.Debug|x86.ActiveCfg = Debug|x86
		{105CF26A-D68A-4889-9B13-EF22CF9B9A50}.Debug|x86.Build.0 = Debug|x86
		{105CF26A-D68A-4889-9B13-EF22CF9B9A50}.Debug|x86.Deploy.0 = Debug|x86
		{105CF26A-D68A-4889-9B13-EF22CF9B9A50}.Release|Any CPU.ActiveCfg = Release|x86
		{105CF26A-D68A-4889-9B13-EF22CF9B9A50}.Release|ARM.ActiveCfg = Release|ARM
		{105CF26A-D68A-4889-9B13-EF22CF9B9A50}.Release|ARM.Build.0 = Release|ARM
		{105CF26A-D68A-4889-9B13-EF22CF9B9A50}.Release|ARM.Deploy.0 = Release|ARM
		{105CF26A-D68A-4889-9B13-EF22CF9B9A50}.Release|iPhone.ActiveCfg = Release|x86
		{105CF26A-D68A-4889-9B13-EF22CF9B9A50}.Release|iPhoneSimulator.ActiveCfg = Release|x86
		{105CF26A-D68A-4889-9B13-EF22CF9B9A50}.Release|x64.ActiveCfg = Release|x64
		{105CF26A-D68A-4889-9B13-EF22CF9B9A50}.Release|x64.Build.0 = Release|x64
		{105CF26A-D68A-4889-9B13-EF22CF9B9A50}.Release|x64.Deploy.0 = Release|x64
		{105CF26A-D68A-4889-9B13-EF22CF9B9A50}.Release|x86.ActiveCfg = Release|x86
		{105CF26A-D68A-4889-9B13-EF22CF9B9A50}.Release|x86.Build.0 = Release|x86
		{105CF26A-D68A-4889-9B13-EF22CF9B9A50}.Release|x86.Deploy.0 = Release|x86
		{68C1C39A-A5B5-479F-ACFC-C107B37A78A5}.Ad-Hoc|Any CPU.ActiveCfg = Release|Any CPU
		{68C1C39A-A5B5-479F-ACFC-C107B37A78A5}.Ad-Hoc|Any CPU.Build.0 = Release|Any CPU
		{68C1C39A-A5B5-479F-ACFC-C107B37A78A5}.Ad-Hoc|Any CPU.Deploy.0 = Release|Any CPU
		{68C1C39A-A5B5-479F-ACFC-C107B37A78A5}.Ad-Hoc|ARM.ActiveCfg = Release|ARM
		{68C1C39A-A5B5-479F-ACFC-C107B37A78A5}.Ad-Hoc|ARM.Build.0 = Release|ARM
		{68C1C39A-A5B5-479F-ACFC-C107B37A78A5}.Ad-Hoc|ARM.Deploy.0 = Release|ARM
		{68C1C39A-A5B5-479F-ACFC-C107B37A78A5}.Ad-Hoc|iPhone.ActiveCfg = Release|Any CPU
		{68C1C39A-A5B5-479F-ACFC-C107B37A78A5}.Ad-Hoc|iPhone.Build.0 = Release|Any CPU
		{68C1C39A-A5B5-479F-ACFC-C107B37A78A5}.Ad-Hoc|iPhone.Deploy.0 = Release|Any CPU
		{68C1C39A-A5B5-479F-ACFC-C107B37A78A5}.Ad-Hoc|iPhoneSimulator.ActiveCfg = Release|Any CPU
		{68C1C39A-A5B5-479F-ACFC-C107B37A78A5}.Ad-Hoc|iPhoneSimulator.Build.0 = Release|Any CPU
		{68C1C39A-A5B5-479F-ACFC-C107B37A78A5}.Ad-Hoc|iPhoneSimulator.Deploy.0 = Release|Any CPU
		{68C1C39A-A5B5-479F-ACFC-C107B37A78A5}.Ad-Hoc|x64.ActiveCfg = Release|x64
		{68C1C39A-A5B5-479F-ACFC-C107B37A78A5}.Ad-Hoc|x64.Build.0 = Release|x64
		{68C1C39A-A5B5-479F-ACFC-C107B37A78A5}.Ad-Hoc|x64.Deploy.0 = Release|x64
		{68C1C39A-A5B5-479F-ACFC-C107B37A78A5}.Ad-Hoc|x86.ActiveCfg = Release|x86
		{68C1C39A-A5B5-479F-ACFC-C107B37A78A5}.Ad-Hoc|x86.Build.0 = Release|x86
		{68C1C39A-A5B5-479F-ACFC-C107B37A78A5}.Ad-Hoc|x86.Deploy.0 = Release|x86
		{68C1C39A-A5B5-479F-ACFC-C107B37A78A5}.AppStore|Any CPU.ActiveCfg = Release|Any CPU
		{68C1C39A-A5B5-479F-ACFC-C107B37A78A5}.AppStore|Any CPU.Build.0 = Release|Any CPU
		{68C1C39A-A5B5-479F-ACFC-C107B37A78A5}.AppStore|Any CPU.Deploy.0 = Release|Any CPU
		{68C1C39A-A5B5-479F-ACFC-C107B37A78A5}.AppStore|ARM.ActiveCfg = Release|ARM
		{68C1C39A-A5B5-479F-ACFC-C107B37A78A5}.AppStore|ARM.Build.0 = Release|ARM
		{68C1C39A-A5B5-479F-ACFC-C107B37A78A5}.AppStore|ARM.Deploy.0 = Release|ARM
		{68C1C39A-A5B5-479F-ACFC-C107B37A78A5}.AppStore|iPhone.ActiveCfg = Release|Any CPU
		{68C1C39A-A5B5-479F-ACFC-C107B37A78A5}.AppStore|iPhone.Build.0 = Release|Any CPU
		{68C1C39A-A5B5-479F-ACFC-C107B37A78A5}.AppStore|iPhone.Deploy.0 = Release|Any CPU
		{68C1C39A-A5B5-479F-ACFC-C107B37A78A5}.AppStore|iPhoneSimulator.ActiveCfg = Release|Any CPU
		{68C1C39A-A5B5-479F-ACFC-C107B37A78A5}.AppStore|iPhoneSimulator.Build.0 = Release|Any CPU
		{68C1C39A-A5B5-479F-ACFC-C107B37A78A5}.AppStore|iPhoneSimulator.Deploy.0 = Release|Any CPU
		{68C1C39A-A5B5-479F-ACFC-C107B37A78A5}.AppStore|x64.ActiveCfg = Release|x64
		{68C1C39A-A5B5-479F-ACFC-C107B37A78A5}.AppStore|x64.Build.0 = Release|x64
		{68C1C39A-A5B5-479F-ACFC-C107B37A78A5}.AppStore|x64.Deploy.0 = Release|x64
		{68C1C39A-A5B5-479F-ACFC-C107B37A78A5}.AppStore|x86.ActiveCfg = Release|x86
		{68C1C39A-A5B5-479F-ACFC-C107B37A78A5}.AppStore|x86.Build.0 = Release|x86
		{68C1C39A-A5B5-479F-ACFC-C107B37A78A5}.AppStore|x86.Deploy.0 = Release|x86
		{68C1C39A-A5B5-479F-ACFC-C107B37A78A5}.Debug|Any CPU.ActiveCfg = Debug|Any CPU
		{68C1C39A-A5B5-479F-ACFC-C107B37A78A5}.Debug|Any CPU.Build.0 = Debug|Any CPU
		{68C1C39A-A5B5-479F-ACFC-C107B37A78A5}.Debug|Any CPU.Deploy.0 = Debug|Any CPU
		{68C1C39A-A5B5-479F-ACFC-C107B37A78A5}.Debug|ARM.ActiveCfg = Debug|ARM
		{68C1C39A-A5B5-479F-ACFC-C107B37A78A5}.Debug|ARM.Build.0 = Debug|ARM
		{68C1C39A-A5B5-479F-ACFC-C107B37A78A5}.Debug|ARM.Deploy.0 = Debug|ARM
		{68C1C39A-A5B5-479F-ACFC-C107B37A78A5}.Debug|iPhone.ActiveCfg = Debug|Any CPU
		{68C1C39A-A5B5-479F-ACFC-C107B37A78A5}.Debug|iPhone.Build.0 = Debug|Any CPU
		{68C1C39A-A5B5-479F-ACFC-C107B37A78A5}.Debug|iPhone.Deploy.0 = Debug|Any CPU
		{68C1C39A-A5B5-479F-ACFC-C107B37A78A5}.Debug|iPhoneSimulator.ActiveCfg = Debug|Any CPU
		{68C1C39A-A5B5-479F-ACFC-C107B37A78A5}.Debug|iPhoneSimulator.Build.0 = Debug|Any CPU
		{68C1C39A-A5B5-479F-ACFC-C107B37A78A5}.Debug|iPhoneSimulator.Deploy.0 = Debug|Any CPU
		{68C1C39A-A5B5-479F-ACFC-C107B37A78A5}.Debug|x64.ActiveCfg = Debug|x64
		{68C1C39A-A5B5-479F-ACFC-C107B37A78A5}.Debug|x64.Build.0 = Debug|x64
		{68C1C39A-A5B5-479F-ACFC-C107B37A78A5}.Debug|x64.Deploy.0 = Debug|x64
		{68C1C39A-A5B5-479F-ACFC-C107B37A78A5}.Debug|x86.ActiveCfg = Debug|x86
		{68C1C39A-A5B5-479F-ACFC-C107B37A78A5}.Debug|x86.Build.0 = Debug|x86
		{68C1C39A-A5B5-479F-ACFC-C107B37A78A5}.Debug|x86.Deploy.0 = Debug|x86
		{68C1C39A-A5B5-479F-ACFC-C107B37A78A5}.Release|Any CPU.ActiveCfg = Release|Any CPU
		{68C1C39A-A5B5-479F-ACFC-C107B37A78A5}.Release|Any CPU.Build.0 = Release|Any CPU
		{68C1C39A-A5B5-479F-ACFC-C107B37A78A5}.Release|Any CPU.Deploy.0 = Release|Any CPU
		{68C1C39A-A5B5-479F-ACFC-C107B37A78A5}.Release|ARM.ActiveCfg = Release|ARM
		{68C1C39A-A5B5-479F-ACFC-C107B37A78A5}.Release|ARM.Build.0 = Release|ARM
		{68C1C39A-A5B5-479F-ACFC-C107B37A78A5}.Release|ARM.Deploy.0 = Release|ARM
		{68C1C39A-A5B5-479F-ACFC-C107B37A78A5}.Release|iPhone.ActiveCfg = Release|Any CPU
		{68C1C39A-A5B5-479F-ACFC-C107B37A78A5}.Release|iPhone.Build.0 = Release|Any CPU
		{68C1C39A-A5B5-479F-ACFC-C107B37A78A5}.Release|iPhone.Deploy.0 = Release|Any CPU
		{68C1C39A-A5B5-479F-ACFC-C107B37A78A5}.Release|iPhoneSimulator.ActiveCfg = Release|Any CPU
		{68C1C39A-A5B5-479F-ACFC-C107B37A78A5}.Release|iPhoneSimulator.Build.0 = Release|Any CPU
		{68C1C39A-A5B5-479F-ACFC-C107B37A78A5}.Release|iPhoneSimulator.Deploy.0 = Release|Any CPU
		{68C1C39A-A5B5-479F-ACFC-C107B37A78A5}.Release|x64.ActiveCfg = Release|x64
		{68C1C39A-A5B5-479F-ACFC-C107B37A78A5}.Release|x64.Build.0 = Release|x64
		{68C1C39A-A5B5-479F-ACFC-C107B37A78A5}.Release|x64.Deploy.0 = Release|x64
		{68C1C39A-A5B5-479F-ACFC-C107B37A78A5}.Release|x86.ActiveCfg = Release|x86
		{68C1C39A-A5B5-479F-ACFC-C107B37A78A5}.Release|x86.Build.0 = Release|x86
		{68C1C39A-A5B5-479F-ACFC-C107B37A78A5}.Release|x86.Deploy.0 = Release|x86
		{E734ECC4-18F2-4999-BBD1-B04538D1FF82}.Ad-Hoc|Any CPU.ActiveCfg = Release|Any CPU
		{E734ECC4-18F2-4999-BBD1-B04538D1FF82}.Ad-Hoc|Any CPU.Build.0 = Release|Any CPU
		{E734ECC4-18F2-4999-BBD1-B04538D1FF82}.Ad-Hoc|ARM.ActiveCfg = Release|Any CPU
		{E734ECC4-18F2-4999-BBD1-B04538D1FF82}.Ad-Hoc|ARM.Build.0 = Release|Any CPU
		{E734ECC4-18F2-4999-BBD1-B04538D1FF82}.Ad-Hoc|iPhone.ActiveCfg = Release|Any CPU
		{E734ECC4-18F2-4999-BBD1-B04538D1FF82}.Ad-Hoc|iPhone.Build.0 = Release|Any CPU
		{E734ECC4-18F2-4999-BBD1-B04538D1FF82}.Ad-Hoc|iPhoneSimulator.ActiveCfg = Release|Any CPU
		{E734ECC4-18F2-4999-BBD1-B04538D1FF82}.Ad-Hoc|iPhoneSimulator.Build.0 = Release|Any CPU
		{E734ECC4-18F2-4999-BBD1-B04538D1FF82}.Ad-Hoc|x64.ActiveCfg = Release|Any CPU
		{E734ECC4-18F2-4999-BBD1-B04538D1FF82}.Ad-Hoc|x64.Build.0 = Release|Any CPU
		{E734ECC4-18F2-4999-BBD1-B04538D1FF82}.Ad-Hoc|x86.ActiveCfg = Release|Any CPU
		{E734ECC4-18F2-4999-BBD1-B04538D1FF82}.Ad-Hoc|x86.Build.0 = Release|Any CPU
		{E734ECC4-18F2-4999-BBD1-B04538D1FF82}.AppStore|Any CPU.ActiveCfg = Release|Any CPU
		{E734ECC4-18F2-4999-BBD1-B04538D1FF82}.AppStore|Any CPU.Build.0 = Release|Any CPU
		{E734ECC4-18F2-4999-BBD1-B04538D1FF82}.AppStore|ARM.ActiveCfg = Release|Any CPU
		{E734ECC4-18F2-4999-BBD1-B04538D1FF82}.AppStore|ARM.Build.0 = Release|Any CPU
		{E734ECC4-18F2-4999-BBD1-B04538D1FF82}.AppStore|iPhone.ActiveCfg = Release|Any CPU
		{E734ECC4-18F2-4999-BBD1-B04538D1FF82}.AppStore|iPhone.Build.0 = Release|Any CPU
		{E734ECC4-18F2-4999-BBD1-B04538D1FF82}.AppStore|iPhoneSimulator.ActiveCfg = Release|Any CPU
		{E734ECC4-18F2-4999-BBD1-B04538D1FF82}.AppStore|iPhoneSimulator.Build.0 = Release|Any CPU
		{E734ECC4-18F2-4999-BBD1-B04538D1FF82}.AppStore|x64.ActiveCfg = Release|Any CPU
		{E734ECC4-18F2-4999-BBD1-B04538D1FF82}.AppStore|x64.Build.0 = Release|Any CPU
		{E734ECC4-18F2-4999-BBD1-B04538D1FF82}.AppStore|x86.ActiveCfg = Release|Any CPU
		{E734ECC4-18F2-4999-BBD1-B04538D1FF82}.AppStore|x86.Build.0 = Release|Any CPU
		{E734ECC4-18F2-4999-BBD1-B04538D1FF82}.Debug|Any CPU.ActiveCfg = Debug|Any CPU
		{E734ECC4-18F2-4999-BBD1-B04538D1FF82}.Debug|Any CPU.Build.0 = Debug|Any CPU
		{E734ECC4-18F2-4999-BBD1-B04538D1FF82}.Debug|ARM.ActiveCfg = Debug|Any CPU
		{E734ECC4-18F2-4999-BBD1-B04538D1FF82}.Debug|ARM.Build.0 = Debug|Any CPU
		{E734ECC4-18F2-4999-BBD1-B04538D1FF82}.Debug|iPhone.ActiveCfg = Debug|Any CPU
		{E734ECC4-18F2-4999-BBD1-B04538D1FF82}.Debug|iPhone.Build.0 = Debug|Any CPU
		{E734ECC4-18F2-4999-BBD1-B04538D1FF82}.Debug|iPhoneSimulator.ActiveCfg = Debug|Any CPU
		{E734ECC4-18F2-4999-BBD1-B04538D1FF82}.Debug|iPhoneSimulator.Build.0 = Debug|Any CPU
		{E734ECC4-18F2-4999-BBD1-B04538D1FF82}.Debug|x64.ActiveCfg = Debug|Any CPU
		{E734ECC4-18F2-4999-BBD1-B04538D1FF82}.Debug|x64.Build.0 = Debug|Any CPU
		{E734ECC4-18F2-4999-BBD1-B04538D1FF82}.Debug|x86.ActiveCfg = Debug|Any CPU
		{E734ECC4-18F2-4999-BBD1-B04538D1FF82}.Debug|x86.Build.0 = Debug|Any CPU
		{E734ECC4-18F2-4999-BBD1-B04538D1FF82}.Release|Any CPU.ActiveCfg = Release|Any CPU
		{E734ECC4-18F2-4999-BBD1-B04538D1FF82}.Release|Any CPU.Build.0 = Release|Any CPU
		{E734ECC4-18F2-4999-BBD1-B04538D1FF82}.Release|ARM.ActiveCfg = Release|Any CPU
		{E734ECC4-18F2-4999-BBD1-B04538D1FF82}.Release|ARM.Build.0 = Release|Any CPU
		{E734ECC4-18F2-4999-BBD1-B04538D1FF82}.Release|iPhone.ActiveCfg = Release|Any CPU
		{E734ECC4-18F2-4999-BBD1-B04538D1FF82}.Release|iPhone.Build.0 = Release|Any CPU
		{E734ECC4-18F2-4999-BBD1-B04538D1FF82}.Release|iPhoneSimulator.ActiveCfg = Release|Any CPU
		{E734ECC4-18F2-4999-BBD1-B04538D1FF82}.Release|iPhoneSimulator.Build.0 = Release|Any CPU
		{E734ECC4-18F2-4999-BBD1-B04538D1FF82}.Release|x64.ActiveCfg = Release|Any CPU
		{E734ECC4-18F2-4999-BBD1-B04538D1FF82}.Release|x64.Build.0 = Release|Any CPU
		{E734ECC4-18F2-4999-BBD1-B04538D1FF82}.Release|x86.ActiveCfg = Release|Any CPU
		{E734ECC4-18F2-4999-BBD1-B04538D1FF82}.Release|x86.Build.0 = Release|Any CPU
		{918D62F3-E56E-4048-B04B-A5C7BA6579A0}.Ad-Hoc|Any CPU.ActiveCfg = Release|Any CPU
		{918D62F3-E56E-4048-B04B-A5C7BA6579A0}.Ad-Hoc|Any CPU.Build.0 = Release|Any CPU
		{918D62F3-E56E-4048-B04B-A5C7BA6579A0}.Ad-Hoc|ARM.ActiveCfg = Release|Any CPU
		{918D62F3-E56E-4048-B04B-A5C7BA6579A0}.Ad-Hoc|ARM.Build.0 = Release|Any CPU
		{918D62F3-E56E-4048-B04B-A5C7BA6579A0}.Ad-Hoc|iPhone.ActiveCfg = Release|Any CPU
		{918D62F3-E56E-4048-B04B-A5C7BA6579A0}.Ad-Hoc|iPhone.Build.0 = Release|Any CPU
		{918D62F3-E56E-4048-B04B-A5C7BA6579A0}.Ad-Hoc|iPhoneSimulator.ActiveCfg = Release|Any CPU
		{918D62F3-E56E-4048-B04B-A5C7BA6579A0}.Ad-Hoc|iPhoneSimulator.Build.0 = Release|Any CPU
		{918D62F3-E56E-4048-B04B-A5C7BA6579A0}.Ad-Hoc|x64.ActiveCfg = Release|Any CPU
		{918D62F3-E56E-4048-B04B-A5C7BA6579A0}.Ad-Hoc|x64.Build.0 = Release|Any CPU
		{918D62F3-E56E-4048-B04B-A5C7BA6579A0}.Ad-Hoc|x86.ActiveCfg = Release|Any CPU
		{918D62F3-E56E-4048-B04B-A5C7BA6579A0}.Ad-Hoc|x86.Build.0 = Release|Any CPU
		{918D62F3-E56E-4048-B04B-A5C7BA6579A0}.AppStore|Any CPU.ActiveCfg = Release|Any CPU
		{918D62F3-E56E-4048-B04B-A5C7BA6579A0}.AppStore|Any CPU.Build.0 = Release|Any CPU
		{918D62F3-E56E-4048-B04B-A5C7BA6579A0}.AppStore|ARM.ActiveCfg = Release|Any CPU
		{918D62F3-E56E-4048-B04B-A5C7BA6579A0}.AppStore|ARM.Build.0 = Release|Any CPU
		{918D62F3-E56E-4048-B04B-A5C7BA6579A0}.AppStore|iPhone.ActiveCfg = Release|Any CPU
		{918D62F3-E56E-4048-B04B-A5C7BA6579A0}.AppStore|iPhone.Build.0 = Release|Any CPU
		{918D62F3-E56E-4048-B04B-A5C7BA6579A0}.AppStore|iPhoneSimulator.ActiveCfg = Release|Any CPU
		{918D62F3-E56E-4048-B04B-A5C7BA6579A0}.AppStore|iPhoneSimulator.Build.0 = Release|Any CPU
		{918D62F3-E56E-4048-B04B-A5C7BA6579A0}.AppStore|x64.ActiveCfg = Release|Any CPU
		{918D62F3-E56E-4048-B04B-A5C7BA6579A0}.AppStore|x64.Build.0 = Release|Any CPU
		{918D62F3-E56E-4048-B04B-A5C7BA6579A0}.AppStore|x86.ActiveCfg = Release|Any CPU
		{918D62F3-E56E-4048-B04B-A5C7BA6579A0}.AppStore|x86.Build.0 = Release|Any CPU
		{918D62F3-E56E-4048-B04B-A5C7BA6579A0}.Debug|Any CPU.ActiveCfg = Debug|Any CPU
		{918D62F3-E56E-4048-B04B-A5C7BA6579A0}.Debug|Any CPU.Build.0 = Debug|Any CPU
		{918D62F3-E56E-4048-B04B-A5C7BA6579A0}.Debug|ARM.ActiveCfg = Debug|Any CPU
		{918D62F3-E56E-4048-B04B-A5C7BA6579A0}.Debug|ARM.Build.0 = Debug|Any CPU
		{918D62F3-E56E-4048-B04B-A5C7BA6579A0}.Debug|iPhone.ActiveCfg = Debug|Any CPU
		{918D62F3-E56E-4048-B04B-A5C7BA6579A0}.Debug|iPhone.Build.0 = Debug|Any CPU
		{918D62F3-E56E-4048-B04B-A5C7BA6579A0}.Debug|iPhoneSimulator.ActiveCfg = Debug|Any CPU
		{918D62F3-E56E-4048-B04B-A5C7BA6579A0}.Debug|iPhoneSimulator.Build.0 = Debug|Any CPU
		{918D62F3-E56E-4048-B04B-A5C7BA6579A0}.Debug|x64.ActiveCfg = Debug|Any CPU
		{918D62F3-E56E-4048-B04B-A5C7BA6579A0}.Debug|x64.Build.0 = Debug|Any CPU
		{918D62F3-E56E-4048-B04B-A5C7BA6579A0}.Debug|x86.ActiveCfg = Debug|Any CPU
		{918D62F3-E56E-4048-B04B-A5C7BA6579A0}.Debug|x86.Build.0 = Debug|Any CPU
		{918D62F3-E56E-4048-B04B-A5C7BA6579A0}.Release|Any CPU.ActiveCfg = Release|Any CPU
		{918D62F3-E56E-4048-B04B-A5C7BA6579A0}.Release|Any CPU.Build.0 = Release|Any CPU
		{918D62F3-E56E-4048-B04B-A5C7BA6579A0}.Release|ARM.ActiveCfg = Release|Any CPU
		{918D62F3-E56E-4048-B04B-A5C7BA6579A0}.Release|ARM.Build.0 = Release|Any CPU
		{918D62F3-E56E-4048-B04B-A5C7BA6579A0}.Release|iPhone.ActiveCfg = Release|Any CPU
		{918D62F3-E56E-4048-B04B-A5C7BA6579A0}.Release|iPhone.Build.0 = Release|Any CPU
		{918D62F3-E56E-4048-B04B-A5C7BA6579A0}.Release|iPhoneSimulator.ActiveCfg = Release|Any CPU
		{918D62F3-E56E-4048-B04B-A5C7BA6579A0}.Release|iPhoneSimulator.Build.0 = Release|Any CPU
		{918D62F3-E56E-4048-B04B-A5C7BA6579A0}.Release|x64.ActiveCfg = Release|Any CPU
		{918D62F3-E56E-4048-B04B-A5C7BA6579A0}.Release|x64.Build.0 = Release|Any CPU
		{918D62F3-E56E-4048-B04B-A5C7BA6579A0}.Release|x86.ActiveCfg = Release|Any CPU
		{918D62F3-E56E-4048-B04B-A5C7BA6579A0}.Release|x86.Build.0 = Release|Any CPU
		{B24B3BD7-0A2A-4E87-A791-9096F1A0901F}.Ad-Hoc|Any CPU.ActiveCfg = Release|Any CPU
		{B24B3BD7-0A2A-4E87-A791-9096F1A0901F}.Ad-Hoc|Any CPU.Build.0 = Release|Any CPU
		{B24B3BD7-0A2A-4E87-A791-9096F1A0901F}.Ad-Hoc|Any CPU.Deploy.0 = Release|Any CPU
		{B24B3BD7-0A2A-4E87-A791-9096F1A0901F}.Ad-Hoc|ARM.ActiveCfg = Release|Any CPU
		{B24B3BD7-0A2A-4E87-A791-9096F1A0901F}.Ad-Hoc|ARM.Build.0 = Release|Any CPU
		{B24B3BD7-0A2A-4E87-A791-9096F1A0901F}.Ad-Hoc|ARM.Deploy.0 = Release|Any CPU
		{B24B3BD7-0A2A-4E87-A791-9096F1A0901F}.Ad-Hoc|iPhone.ActiveCfg = Release|Any CPU
		{B24B3BD7-0A2A-4E87-A791-9096F1A0901F}.Ad-Hoc|iPhone.Build.0 = Release|Any CPU
		{B24B3BD7-0A2A-4E87-A791-9096F1A0901F}.Ad-Hoc|iPhone.Deploy.0 = Release|Any CPU
		{B24B3BD7-0A2A-4E87-A791-9096F1A0901F}.Ad-Hoc|iPhoneSimulator.ActiveCfg = Release|Any CPU
		{B24B3BD7-0A2A-4E87-A791-9096F1A0901F}.Ad-Hoc|iPhoneSimulator.Build.0 = Release|Any CPU
		{B24B3BD7-0A2A-4E87-A791-9096F1A0901F}.Ad-Hoc|iPhoneSimulator.Deploy.0 = Release|Any CPU
		{B24B3BD7-0A2A-4E87-A791-9096F1A0901F}.Ad-Hoc|x64.ActiveCfg = Release|Any CPU
		{B24B3BD7-0A2A-4E87-A791-9096F1A0901F}.Ad-Hoc|x64.Build.0 = Release|Any CPU
		{B24B3BD7-0A2A-4E87-A791-9096F1A0901F}.Ad-Hoc|x64.Deploy.0 = Release|Any CPU
		{B24B3BD7-0A2A-4E87-A791-9096F1A0901F}.Ad-Hoc|x86.ActiveCfg = Release|Any CPU
		{B24B3BD7-0A2A-4E87-A791-9096F1A0901F}.Ad-Hoc|x86.Build.0 = Release|Any CPU
		{B24B3BD7-0A2A-4E87-A791-9096F1A0901F}.Ad-Hoc|x86.Deploy.0 = Release|Any CPU
		{B24B3BD7-0A2A-4E87-A791-9096F1A0901F}.AppStore|Any CPU.ActiveCfg = Release|Any CPU
		{B24B3BD7-0A2A-4E87-A791-9096F1A0901F}.AppStore|Any CPU.Build.0 = Release|Any CPU
		{B24B3BD7-0A2A-4E87-A791-9096F1A0901F}.AppStore|Any CPU.Deploy.0 = Release|Any CPU
		{B24B3BD7-0A2A-4E87-A791-9096F1A0901F}.AppStore|ARM.ActiveCfg = Release|Any CPU
		{B24B3BD7-0A2A-4E87-A791-9096F1A0901F}.AppStore|ARM.Build.0 = Release|Any CPU
		{B24B3BD7-0A2A-4E87-A791-9096F1A0901F}.AppStore|ARM.Deploy.0 = Release|Any CPU
		{B24B3BD7-0A2A-4E87-A791-9096F1A0901F}.AppStore|iPhone.ActiveCfg = Release|Any CPU
		{B24B3BD7-0A2A-4E87-A791-9096F1A0901F}.AppStore|iPhone.Build.0 = Release|Any CPU
		{B24B3BD7-0A2A-4E87-A791-9096F1A0901F}.AppStore|iPhone.Deploy.0 = Release|Any CPU
		{B24B3BD7-0A2A-4E87-A791-9096F1A0901F}.AppStore|iPhoneSimulator.ActiveCfg = Release|Any CPU
		{B24B3BD7-0A2A-4E87-A791-9096F1A0901F}.AppStore|iPhoneSimulator.Build.0 = Release|Any CPU
		{B24B3BD7-0A2A-4E87-A791-9096F1A0901F}.AppStore|iPhoneSimulator.Deploy.0 = Release|Any CPU
		{B24B3BD7-0A2A-4E87-A791-9096F1A0901F}.AppStore|x64.ActiveCfg = Release|Any CPU
		{B24B3BD7-0A2A-4E87-A791-9096F1A0901F}.AppStore|x64.Build.0 = Release|Any CPU
		{B24B3BD7-0A2A-4E87-A791-9096F1A0901F}.AppStore|x64.Deploy.0 = Release|Any CPU
		{B24B3BD7-0A2A-4E87-A791-9096F1A0901F}.AppStore|x86.ActiveCfg = Release|Any CPU
		{B24B3BD7-0A2A-4E87-A791-9096F1A0901F}.AppStore|x86.Build.0 = Release|Any CPU
		{B24B3BD7-0A2A-4E87-A791-9096F1A0901F}.AppStore|x86.Deploy.0 = Release|Any CPU
		{B24B3BD7-0A2A-4E87-A791-9096F1A0901F}.Debug|Any CPU.ActiveCfg = Debug|Any CPU
		{B24B3BD7-0A2A-4E87-A791-9096F1A0901F}.Debug|Any CPU.Build.0 = Debug|Any CPU
		{B24B3BD7-0A2A-4E87-A791-9096F1A0901F}.Debug|Any CPU.Deploy.0 = Debug|Any CPU
		{B24B3BD7-0A2A-4E87-A791-9096F1A0901F}.Debug|ARM.ActiveCfg = Debug|Any CPU
		{B24B3BD7-0A2A-4E87-A791-9096F1A0901F}.Debug|ARM.Build.0 = Debug|Any CPU
		{B24B3BD7-0A2A-4E87-A791-9096F1A0901F}.Debug|ARM.Deploy.0 = Debug|Any CPU
		{B24B3BD7-0A2A-4E87-A791-9096F1A0901F}.Debug|iPhone.ActiveCfg = Debug|Any CPU
		{B24B3BD7-0A2A-4E87-A791-9096F1A0901F}.Debug|iPhone.Build.0 = Debug|Any CPU
		{B24B3BD7-0A2A-4E87-A791-9096F1A0901F}.Debug|iPhone.Deploy.0 = Debug|Any CPU
		{B24B3BD7-0A2A-4E87-A791-9096F1A0901F}.Debug|iPhoneSimulator.ActiveCfg = Debug|Any CPU
		{B24B3BD7-0A2A-4E87-A791-9096F1A0901F}.Debug|iPhoneSimulator.Build.0 = Debug|Any CPU
		{B24B3BD7-0A2A-4E87-A791-9096F1A0901F}.Debug|iPhoneSimulator.Deploy.0 = Debug|Any CPU
		{B24B3BD7-0A2A-4E87-A791-9096F1A0901F}.Debug|x64.ActiveCfg = Debug|Any CPU
		{B24B3BD7-0A2A-4E87-A791-9096F1A0901F}.Debug|x64.Build.0 = Debug|Any CPU
		{B24B3BD7-0A2A-4E87-A791-9096F1A0901F}.Debug|x64.Deploy.0 = Debug|Any CPU
		{B24B3BD7-0A2A-4E87-A791-9096F1A0901F}.Debug|x86.ActiveCfg = Debug|Any CPU
		{B24B3BD7-0A2A-4E87-A791-9096F1A0901F}.Debug|x86.Build.0 = Debug|Any CPU
		{B24B3BD7-0A2A-4E87-A791-9096F1A0901F}.Debug|x86.Deploy.0 = Debug|Any CPU
		{B24B3BD7-0A2A-4E87-A791-9096F1A0901F}.Release|Any CPU.ActiveCfg = Release|Any CPU
		{B24B3BD7-0A2A-4E87-A791-9096F1A0901F}.Release|Any CPU.Build.0 = Release|Any CPU
		{B24B3BD7-0A2A-4E87-A791-9096F1A0901F}.Release|Any CPU.Deploy.0 = Release|Any CPU
		{B24B3BD7-0A2A-4E87-A791-9096F1A0901F}.Release|ARM.ActiveCfg = Release|Any CPU
		{B24B3BD7-0A2A-4E87-A791-9096F1A0901F}.Release|ARM.Build.0 = Release|Any CPU
		{B24B3BD7-0A2A-4E87-A791-9096F1A0901F}.Release|ARM.Deploy.0 = Release|Any CPU
		{B24B3BD7-0A2A-4E87-A791-9096F1A0901F}.Release|iPhone.ActiveCfg = Release|Any CPU
		{B24B3BD7-0A2A-4E87-A791-9096F1A0901F}.Release|iPhone.Build.0 = Release|Any CPU
		{B24B3BD7-0A2A-4E87-A791-9096F1A0901F}.Release|iPhone.Deploy.0 = Release|Any CPU
		{B24B3BD7-0A2A-4E87-A791-9096F1A0901F}.Release|iPhoneSimulator.ActiveCfg = Release|Any CPU
		{B24B3BD7-0A2A-4E87-A791-9096F1A0901F}.Release|iPhoneSimulator.Build.0 = Release|Any CPU
		{B24B3BD7-0A2A-4E87-A791-9096F1A0901F}.Release|iPhoneSimulator.Deploy.0 = Release|Any CPU
		{B24B3BD7-0A2A-4E87-A791-9096F1A0901F}.Release|x64.ActiveCfg = Release|Any CPU
		{B24B3BD7-0A2A-4E87-A791-9096F1A0901F}.Release|x64.Build.0 = Release|Any CPU
		{B24B3BD7-0A2A-4E87-A791-9096F1A0901F}.Release|x64.Deploy.0 = Release|Any CPU
		{B24B3BD7-0A2A-4E87-A791-9096F1A0901F}.Release|x86.ActiveCfg = Release|Any CPU
		{B24B3BD7-0A2A-4E87-A791-9096F1A0901F}.Release|x86.Build.0 = Release|Any CPU
		{B24B3BD7-0A2A-4E87-A791-9096F1A0901F}.Release|x86.Deploy.0 = Release|Any CPU
	EndGlobalSection
	GlobalSection(SolutionProperties) = preSolution
		HideSolutionNode = FALSE
	EndGlobalSection
	GlobalSection(NestedProjects) = preSolution
		{9BE8E113-4AE1-4D19-9BA0-B7F8A26D5947} = {70729B84-0AE7-436B-ADF2-CD61B13751FB}
		{4B5441A9-AFE1-4309-ADF4-AE7CE7AB8882} = {70729B84-0AE7-436B-ADF2-CD61B13751FB}
		{BE78A2B6-2563-482B-B210-E48B64D846A9} = {70729B84-0AE7-436B-ADF2-CD61B13751FB}
		{105CF26A-D68A-4889-9B13-EF22CF9B9A50} = {70729B84-0AE7-436B-ADF2-CD61B13751FB}
		{68C1C39A-A5B5-479F-ACFC-C107B37A78A5} = {70729B84-0AE7-436B-ADF2-CD61B13751FB}
		{E734ECC4-18F2-4999-BBD1-B04538D1FF82} = {70729B84-0AE7-436B-ADF2-CD61B13751FB}
		{918D62F3-E56E-4048-B04B-A5C7BA6579A0} = {70729B84-0AE7-436B-ADF2-CD61B13751FB}
		{B24B3BD7-0A2A-4E87-A791-9096F1A0901F} = {3603A293-79D1-4C49-9B03-F32511DDF30C}
	EndGlobalSection
EndGlobal
